
Microsoft Visual Studio Solution File, Format Version 12.00
# Visual Studio Version 17
VisualStudioVersion = 17.7.34202.233
MinimumVisualStudioVersion = 10.0.40219.1
Project("{FAE04EC0-301F-11D3-BF4B-00C04F79EFBC}") = "LMSystem", "LMSystem\LMSystem.csproj", "{22EB2F92-2DB4-418C-BFAB-08999EC24C7B}"
EndProject
Global
	GlobalSection(SolutionConfigurationPlatforms) = preSolution
		Debug|Any CPU = Debug|Any CPU
		Release|Any CPU = Release|Any CPU
	EndGlobalSection
	GlobalSection(ProjectConfigurationPlatforms) = postSolution
		{22EB2F92-2DB4-418C-BFAB-08999EC24C7B}.Debug|Any CPU.ActiveCfg = Debug|Any CPU
		{22EB2F92-2DB4-418C-BFAB-08999EC24C7B}.Debug|Any CPU.Build.0 = Debug|Any CPU
		{22EB2F92-2DB4-418C-BFAB-08999EC24C7B}.Release|Any CPU.ActiveCfg = Release|Any CPU
		{22EB2F92-2DB4-418C-BFAB-08999EC24C7B}.Release|Any CPU.Build.0 = Release|Any CPU
	EndGlobalSection
	GlobalSection(SolutionProperties) = preSolution
		HideSolutionNode = FALSE
	EndGlobalSection
	GlobalSection(ExtensibilityGlobals) = postSolution
		SolutionGuid = {69B3DECF-7E8A-4E63-B82D-44111B2BB6F1}
	EndGlobalSection
EndGlobal
